
Microsoft Visual Studio Solution File, Format Version 12.00
# Visual Studio 2012
Project("{FAE04EC0-301F-11D3-BF4B-00C04F79EFBC}") = "driveStatsServer", "driveStatsServer\driveStatsServer.csproj", "{7F3B39BC-79AC-4AA0-B977-08AF7D7B157E}"
EndProject
Project("{CC5FD16D-436D-48AD-A40C-5A424C6E3E79}") = "driveStatsServer.Azure", "driveStatsServer.Azure\driveStatsServer.Azure.ccproj", "{DA317067-9C1D-4A64-9DDA-38737A153D43}"
EndProject
Global
	GlobalSection(SolutionConfigurationPlatforms) = preSolution
		Debug|Any CPU = Debug|Any CPU
		Release|Any CPU = Release|Any CPU
	EndGlobalSection
	GlobalSection(ProjectConfigurationPlatforms) = postSolution
		{7F3B39BC-79AC-4AA0-B977-08AF7D7B157E}.Debug|Any CPU.ActiveCfg = Debug|Any CPU
		{7F3B39BC-79AC-4AA0-B977-08AF7D7B157E}.Debug|Any CPU.Build.0 = Debug|Any CPU
		{7F3B39BC-79AC-4AA0-B977-08AF7D7B157E}.Release|Any CPU.ActiveCfg = Release|Any CPU
		{7F3B39BC-79AC-4AA0-B977-08AF7D7B157E}.Release|Any CPU.Build.0 = Release|Any CPU
		{DA317067-9C1D-4A64-9DDA-38737A153D43}.Debug|Any CPU.ActiveCfg = Debug|Any CPU
		{DA317067-9C1D-4A64-9DDA-38737A153D43}.Debug|Any CPU.Build.0 = Debug|Any CPU
		{DA317067-9C1D-4A64-9DDA-38737A153D43}.Release|Any CPU.ActiveCfg = Release|Any CPU
		{DA317067-9C1D-4A64-9DDA-38737A153D43}.Release|Any CPU.Build.0 = Release|Any CPU
	EndGlobalSection
	GlobalSection(SolutionProperties) = preSolution
		HideSolutionNode = FALSE
	EndGlobalSection
EndGlobal
